
Microsoft Visual Studio Solution File, Format Version 12.00
# Visual Studio Version 17
VisualStudioVersion = 17.1.32210.238
MinimumVisualStudioVersion = 10.0.40219.1
Project("{FAE04EC0-301F-11D3-BF4B-00C04F79EFBC}") = "SiteGugu", "SiteGugu.csproj", "{2EC491E8-37E0-416C-B6A7-D55F628C97E6}"
EndProject
Global
	GlobalSection(SolutionConfigurationPlatforms) = preSolution
		Debug|Any CPU = Debug|Any CPU
		Release|Any CPU = Release|Any CPU
	EndGlobalSection
	GlobalSection(ProjectConfigurationPlatforms) = postSolution
		{2EC491E8-37E0-416C-B6A7-D55F628C97E6}.Debug|Any CPU.ActiveCfg = Debug|Any CPU
		{2EC491E8-37E0-416C-B6A7-D55F628C97E6}.Debug|Any CPU.Build.0 = Debug|Any CPU
		{2EC491E8-37E0-416C-B6A7-D55F628C97E6}.Release|Any CPU.ActiveCfg = Release|Any CPU
		{2EC491E8-37E0-416C-B6A7-D55F628C97E6}.Release|Any CPU.Build.0 = Release|Any CPU
	EndGlobalSection
	GlobalSection(SolutionProperties) = preSolution
		HideSolutionNode = FALSE
	EndGlobalSection
	GlobalSection(ExtensibilityGlobals) = postSolution
		SolutionGuid = {E6F3A51A-0EA4-4C3E-89D5-72DF24153DC3}
	EndGlobalSection
EndGlobal
